{
  "name": "maps",
  "lockfileVersion": 3,
  "requires": true,
  "packages": {
    "": {
      "dependencies": {
        "geotiff": "^1.0.0-beta.6"
      }
    },
    "node_modules/geotiff": {
      "version": "1.0.0-beta.6",
      "resolved": "https://registry.npmjs.org/geotiff/-/geotiff-1.0.0-beta.6.tgz",
      "integrity": "sha512-xdZ/MLcnrv1+6wQlQZQIs11zNJywylnV1pXqDw7Ao7bmLRpM421a39dXP5e6SG+vio0mnDUZkL2XknKbqppFzw==",
      "dependencies": {
        "pako": "^1.0.3",
        "xmldom": "0.1.*"
      }
    },
    "node_modules/pako": {
      "version": "1.0.11",
      "resolved": "https://registry.npmjs.org/pako/-/pako-1.0.11.tgz",
      "integrity": "sha512-4hLB8Py4zZce5s4yd9XzopqwVv/yGNhV1Bl8NTmCq1763HeK2+EwVTv+leGeL13Dnh2wfbqowVPXCIO0z4taYw=="
    },
    "node_modules/xmldom": {
      "version": "0.1.31",
      "resolved": "https://registry.npmjs.org/xmldom/-/xmldom-0.1.31.tgz",
      "integrity": "sha512-yS2uJflVQs6n+CyjHoaBmVSqIDevTAWrzMmjG1Gc7h1qQ7uVozNhEPJAwZXWyGQ/Gafo3fCwrcaokezLPupVyQ==",
      "deprecated": "Deprecated due to CVE-2021-21366 resolved in 0.5.0",
      "engines": {
        "node": ">=0.1"
      }
    }
  }
}
